{
    "name": "masterchefV2",
    "version": "1.0.0",
    "lockfileVersion": 1,
    "requires": true,
    "dependencies": {
        "@graph-ts/graph-lib": {
            "version": "1.6.0",
            "resolved": "https://registry.npmjs.org/@graph-ts/graph-lib/-/graph-lib-1.6.0.tgz",
            "integrity": "sha512-esNqbB8nChp0idtVSqyguk/qRI27ZsojY51P8s7AKOI76+o7u88DB4rcH39C045cJRe3qmHkEnHlFe8JLJI5MQ==",
            "requires": {
                "@graph-ts/vector2": "^1.3.0",
                "immer": "^9.0.1"
            }
        },
        "@graph-ts/vector2": {
            "version": "1.3.0",
            "resolved": "https://registry.npmjs.org/@graph-ts/vector2/-/vector2-1.3.0.tgz",
            "integrity": "sha512-v6s3AmPeP7+CSvQuFiIZWf3DNC3evkkTW12Feb0AJUofCUCFfQLgqu64L7uZ2CYLiF1RxgOF68VbQlxpTPupKw=="
        },
        "immer": {
            "version": "9.0.5",
            "resolved": "https://registry.npmjs.org/immer/-/immer-9.0.5.tgz",
            "integrity": "sha512-2WuIehr2y4lmYz9gaQzetPR2ECniCifk4ORaQbU3g5EalLt+0IVTosEPJ5BoYl/75ky2mivzdRzV8wWgQGOSYQ=="
        }
    }
}
